// !$*UTF8*$!
{
	archiveVersion = 1;
	classes = {
	};
	objectVersion = 51;
	objects = {

/* Begin PBXBuildFile section */
		091AB7D825D59731008081D2 /* NetworkService.swift in Sources */ = {isa = PBXBuildFile; fileRef = 091AB7D725D59731008081D2 /* NetworkService.swift */; };
		09BB143E25D95394007F9109 /* ConvertService.swift in Sources */ = {isa = PBXBuildFile; fileRef = 09BB143D25D95393007F9109 /* ConvertService.swift */; };
		09BB144125D95AC1007F9109 /* ImageService.swift in Sources */ = {isa = PBXBuildFile; fileRef = 09BB144025D95AC1007F9109 /* ImageService.swift */; };
		09C06C9325D44AAA003D7D49 /* AppDelegate.swift in Sources */ = {isa = PBXBuildFile; fileRef = 09C06C9225D44AAA003D7D49 /* AppDelegate.swift */; };
		09C06C9525D44AAA003D7D49 /* SceneDelegate.swift in Sources */ = {isa = PBXBuildFile; fileRef = 09C06C9425D44AAA003D7D49 /* SceneDelegate.swift */; };
		09C06C9725D44AAA003D7D49 /* WeatherViewController.swift in Sources */ = {isa = PBXBuildFile; fileRef = 09C06C9625D44AAA003D7D49 /* WeatherViewController.swift */; };
		09C06C9A25D44AAA003D7D49 /* Main.storyboard in Resources */ = {isa = PBXBuildFile; fileRef = 09C06C9825D44AAA003D7D49 /* Main.storyboard */; };
		09C06C9C25D44AAC003D7D49 /* Assets.xcassets in Resources */ = {isa = PBXBuildFile; fileRef = 09C06C9B25D44AAC003D7D49 /* Assets.xcassets */; };
		09C06C9F25D44AAC003D7D49 /* LaunchScreen.storyboard in Resources */ = {isa = PBXBuildFile; fileRef = 09C06C9D25D44AAC003D7D49 /* LaunchScreen.storyboard */; };
		09C06CB125D45282003D7D49 /* Model.swift in Sources */ = {isa = PBXBuildFile; fileRef = 09C06CB025D45282003D7D49 /* Model.swift */; };
		09C06CB725D46FE4003D7D49 /* WeatherViewModel.swift in Sources */ = {isa = PBXBuildFile; fileRef = 09C06CB625D46FE4003D7D49 /* WeatherViewModel.swift */; };
		09C06CBA25D48783003D7D49 /* WeatherTableViewCell.swift in Sources */ = {isa = PBXBuildFile; fileRef = 09C06CB925D48783003D7D49 /* WeatherTableViewCell.swift */; };
		09C06CBD25D487AA003D7D49 /* WeatherCollectionViewCell.swift in Sources */ = {isa = PBXBuildFile; fileRef = 09C06CBC25D487AA003D7D49 /* WeatherCollectionViewCell.swift */; };
		09C06CC325D48857003D7D49 /* TableViewCellViewModel.swift in Sources */ = {isa = PBXBuildFile; fileRef = 09C06CC225D48857003D7D49 /* TableViewCellViewModel.swift */; };
		09C06CC625D48870003D7D49 /* CollectionViewCellViewModel.swift in Sources */ = {isa = PBXBuildFile; fileRef = 09C06CC525D48870003D7D49 /* CollectionViewCellViewModel.swift */; };
		21E9BCB1936EA5C2CAD6F6EC /* Pods_OpenWeather.framework in Frameworks */ = {isa = PBXBuildFile; fileRef = EEB74E6B9C0CDA56E27B296E /* Pods_OpenWeather.framework */; };
/* End PBXBuildFile section */

/* Begin PBXFileReference section */
		091AB7D725D59731008081D2 /* NetworkService.swift */ = {isa = PBXFileReference; lastKnownFileType = sourcecode.swift; path = NetworkService.swift; sourceTree = "<group>"; };
		09BB143D25D95393007F9109 /* ConvertService.swift */ = {isa = PBXFileReference; lastKnownFileType = sourcecode.swift; path = ConvertService.swift; sourceTree = "<group>"; };
		09BB144025D95AC1007F9109 /* ImageService.swift */ = {isa = PBXFileReference; lastKnownFileType = sourcecode.swift; path = ImageService.swift; sourceTree = "<group>"; };
		09C06C8F25D44AAA003D7D49 /* OpenWeather.app */ = {isa = PBXFileReference; explicitFileType = wrapper.application; includeInIndex = 0; path = OpenWeather.app; sourceTree = BUILT_PRODUCTS_DIR; };
		09C06C9225D44AAA003D7D49 /* AppDelegate.swift */ = {isa = PBXFileReference; lastKnownFileType = sourcecode.swift; path = AppDelegate.swift; sourceTree = "<group>"; };
		09C06C9425D44AAA003D7D49 /* SceneDelegate.swift */ = {isa = PBXFileReference; lastKnownFileType = sourcecode.swift; path = SceneDelegate.swift; sourceTree = "<group>"; };
		09C06C9625D44AAA003D7D49 /* WeatherViewController.swift */ = {isa = PBXFileReference; lastKnownFileType = sourcecode.swift; path = WeatherViewController.swift; sourceTree = "<group>"; };
		09C06C9925D44AAA003D7D49 /* Base */ = {isa = PBXFileReference; lastKnownFileType = file.storyboard; name = Base; path = Base.lproj/Main.storyboard; sourceTree = "<group>"; };
		09C06C9B25D44AAC003D7D49 /* Assets.xcassets */ = {isa = PBXFileReference; lastKnownFileType = folder.assetcatalog; path = Assets.xcassets; sourceTree = "<group>"; };
		09C06C9E25D44AAC003D7D49 /* Base */ = {isa = PBXFileReference; lastKnownFileType = file.storyboard; name = Base; path = Base.lproj/LaunchScreen.storyboard; sourceTree = "<group>"; };
		09C06CA025D44AAC003D7D49 /* Info.plist */ = {isa = PBXFileReference; lastKnownFileType = text.plist.xml; path = Info.plist; sourceTree = "<group>"; };
		09C06CB025D45282003D7D49 /* Model.swift */ = {isa = PBXFileReference; lastKnownFileType = sourcecode.swift; path = Model.swift; sourceTree = "<group>"; };
		09C06CB625D46FE4003D7D49 /* WeatherViewModel.swift */ = {isa = PBXFileReference; lastKnownFileType = sourcecode.swift; path = WeatherViewModel.swift; sourceTree = "<group>"; };
		09C06CB925D48783003D7D49 /* WeatherTableViewCell.swift */ = {isa = PBXFileReference; lastKnownFileType = sourcecode.swift; path = WeatherTableViewCell.swift; sourceTree = "<group>"; };
		09C06CBC25D487AA003D7D49 /* WeatherCollectionViewCell.swift */ = {isa = PBXFileReference; lastKnownFileType = sourcecode.swift; path = WeatherCollectionViewCell.swift; sourceTree = "<group>"; };
		09C06CC225D48857003D7D49 /* TableViewCellViewModel.swift */ = {isa = PBXFileReference; lastKnownFileType = sourcecode.swift; path = TableViewCellViewModel.swift; sourceTree = "<group>"; };
		09C06CC525D48870003D7D49 /* CollectionViewCellViewModel.swift */ = {isa = PBXFileReference; lastKnownFileType = sourcecode.swift; path = CollectionViewCellViewModel.swift; sourceTree = "<group>"; };
		49A371C1FEEAD14A590110F7 /* Pods-OpenWeather.release.xcconfig */ = {isa = PBXFileReference; includeInIndex = 1; lastKnownFileType = text.xcconfig; name = "Pods-OpenWeather.release.xcconfig"; path = "Target Support Files/Pods-OpenWeather/Pods-OpenWeather.release.xcconfig"; sourceTree = "<group>"; };
		69C9B165432B439A7BEE95F3 /* Pods-OpenWeather.debug.xcconfig */ = {isa = PBXFileReference; includeInIndex = 1; lastKnownFileType = text.xcconfig; name = "Pods-OpenWeather.debug.xcconfig"; path = "Target Support Files/Pods-OpenWeather/Pods-OpenWeather.debug.xcconfig"; sourceTree = "<group>"; };
		EEB74E6B9C0CDA56E27B296E /* Pods_OpenWeather.framework */ = {isa = PBXFileReference; explicitFileType = wrapper.framework; includeInIndex = 0; path = Pods_OpenWeather.framework; sourceTree = BUILT_PRODUCTS_DIR; };
/* End PBXFileReference section */

/* Begin PBXFrameworksBuildPhase section */
		09C06C8C25D44AAA003D7D49 /* Frameworks */ = {
			isa = PBXFrameworksBuildPhase;
			buildActionMask = 2147483647;
			files = (
				21E9BCB1936EA5C2CAD6F6EC /* Pods_OpenWeather.framework in Frameworks */,
			);
			runOnlyForDeploymentPostprocessing = 0;
		};
/* End PBXFrameworksBuildPhase section */

/* Begin PBXGroup section */
		091AB7D625D5971B008081D2 /* Services */ = {
			isa = PBXGroup;
			children = (
				091AB7D725D59731008081D2 /* NetworkService.swift */,
				09BB143D25D95393007F9109 /* ConvertService.swift */,
				09BB144025D95AC1007F9109 /* ImageService.swift */,
			);
			path = Services;
			sourceTree = "<group>";
		};
		09C06C8625D44AAA003D7D49 = {
			isa = PBXGroup;
			children = (
				09C06C9125D44AAA003D7D49 /* OpenWeather */,
				09C06C9025D44AAA003D7D49 /* Products */,
				28D3C8659CEFDD9E3C25C8E2 /* Pods */,
				16DF800EDCAC225CF0A20751 /* Frameworks */,
			);
			sourceTree = "<group>";
		};
		09C06C9025D44AAA003D7D49 /* Products */ = {
			isa = PBXGroup;
			children = (
				09C06C8F25D44AAA003D7D49 /* OpenWeather.app */,
			);
			name = Products;
			sourceTree = "<group>";
		};
		09C06C9125D44AAA003D7D49 /* OpenWeather */ = {
			isa = PBXGroup;
			children = (
				091AB7D625D5971B008081D2 /* Services */,
				09C06CAD25D45142003D7D49 /* Model */,
				09C06CAB25D45138003D7D49 /* Weather */,
				09C06CAA25D45113003D7D49 /* Storyboard */,
				09C06CA825D450F0003D7D49 /* Supporting Files */,
			);
			path = OpenWeather;
			sourceTree = "<group>";
		};
		09C06CA825D450F0003D7D49 /* Supporting Files */ = {
			isa = PBXGroup;
			children = (
				09C06CA025D44AAC003D7D49 /* Info.plist */,
				09C06C9225D44AAA003D7D49 /* AppDelegate.swift */,
				09C06C9425D44AAA003D7D49 /* SceneDelegate.swift */,
				09C06C9B25D44AAC003D7D49 /* Assets.xcassets */,
			);
			path = "Supporting Files";
			sourceTree = "<group>";
		};
		09C06CAA25D45113003D7D49 /* Storyboard */ = {
			isa = PBXGroup;
			children = (
				09C06C9825D44AAA003D7D49 /* Main.storyboard */,
				09C06C9D25D44AAC003D7D49 /* LaunchScreen.storyboard */,
			);
			path = Storyboard;
			sourceTree = "<group>";
		};
		09C06CAB25D45138003D7D49 /* Weather */ = {
			isa = PBXGroup;
			children = (
				09C06C9625D44AAA003D7D49 /* WeatherViewController.swift */,
				09C06CB625D46FE4003D7D49 /* WeatherViewModel.swift */,
				09C06CCB25D488A7003D7D49 /* TableViewCell */,
				09C06CC825D48885003D7D49 /* CollectionViewCell */,
			);
			path = Weather;
			sourceTree = "<group>";
		};
		09C06CAD25D45142003D7D49 /* Model */ = {
			isa = PBXGroup;
			children = (
				09C06CB025D45282003D7D49 /* Model.swift */,
			);
			path = Model;
			sourceTree = "<group>";
		};
		09C06CC825D48885003D7D49 /* CollectionViewCell */ = {
			isa = PBXGroup;
			children = (
				09C06CBC25D487AA003D7D49 /* WeatherCollectionViewCell.swift */,
				09C06CC525D48870003D7D49 /* CollectionViewCellViewModel.swift */,
			);
			path = CollectionViewCell;
			sourceTree = "<group>";
		};
		09C06CCB25D488A7003D7D49 /* TableViewCell */ = {
			isa = PBXGroup;
			children = (
				09C06CB925D48783003D7D49 /* WeatherTableViewCell.swift */,
				09C06CC225D48857003D7D49 /* TableViewCellViewModel.swift */,
			);
			path = TableViewCell;
			sourceTree = "<group>";
		};
		16DF800EDCAC225CF0A20751 /* Frameworks */ = {
			isa = PBXGroup;
			children = (
				EEB74E6B9C0CDA56E27B296E /* Pods_OpenWeather.framework */,
			);
			name = Frameworks;
			sourceTree = "<group>";
		};
		28D3C8659CEFDD9E3C25C8E2 /* Pods */ = {
			isa = PBXGroup;
			children = (
				69C9B165432B439A7BEE95F3 /* Pods-OpenWeather.debug.xcconfig */,
				49A371C1FEEAD14A590110F7 /* Pods-OpenWeather.release.xcconfig */,
			);
			path = Pods;
			sourceTree = "<group>";
		};
/* End PBXGroup section */

/* Begin PBXNativeTarget section */
		09C06C8E25D44AAA003D7D49 /* OpenWeather */ = {
			isa = PBXNativeTarget;
			buildConfigurationList = 09C06CA325D44AAC003D7D49 /* Build configuration list for PBXNativeTarget "OpenWeather" */;
			buildPhases = (
				5217D31AA06575CE3F3FB416 /* [CP] Check Pods Manifest.lock */,
				09C06C8B25D44AAA003D7D49 /* Sources */,
				09C06C8C25D44AAA003D7D49 /* Frameworks */,
				09C06C8D25D44AAA003D7D49 /* Resources */,
				397C16721FA7669443D37FE3 /* [CP] Embed Pods Frameworks */,
			);
			buildRules = (
			);
			dependencies = (
			);
			name = OpenWeather;
			productName = OpenWeather;
			productReference = 09C06C8F25D44AAA003D7D49 /* OpenWeather.app */;
			productType = "com.apple.product-type.application";
		};
/* End PBXNativeTarget section */

/* Begin PBXProject section */
		09C06C8725D44AAA003D7D49 /* Project object */ = {
			isa = PBXProject;
			attributes = {
				LastSwiftUpdateCheck = 1230;
				LastUpgradeCheck = 1230;
				TargetAttributes = {
					09C06C8E25D44AAA003D7D49 = {
						CreatedOnToolsVersion = 12.3;
					};
				};
			};
			buildConfigurationList = 09C06C8A25D44AAA003D7D49 /* Build configuration list for PBXProject "OpenWeather" */;
			compatibilityVersion = "Xcode 9.3";
			developmentRegion = en;
			hasScannedForEncodings = 0;
			knownRegions = (
				en,
				Base,
			);
			mainGroup = 09C06C8625D44AAA003D7D49;
			productRefGroup = 09C06C9025D44AAA003D7D49 /* Products */;
			projectDirPath = "";
			projectRoot = "";
			targets = (
				09C06C8E25D44AAA003D7D49 /* OpenWeather */,
			);
		};
/* End PBXProject section */

/* Begin PBXResourcesBuildPhase section */
		09C06C8D25D44AAA003D7D49 /* Resources */ = {
			isa = PBXResourcesBuildPhase;
			buildActionMask = 2147483647;
			files = (
				09C06C9F25D44AAC003D7D49 /* LaunchScreen.storyboard in Resources */,
				09C06C9C25D44AAC003D7D49 /* Assets.xcassets in Resources */,
				09C06C9A25D44AAA003D7D49 /* Main.storyboard in Resources */,
			);
			runOnlyForDeploymentPostprocessing = 0;
		};
/* End PBXResourcesBuildPhase section */

/* Begin PBXShellScriptBuildPhase section */
		397C16721FA7669443D37FE3 /* [CP] Embed Pods Frameworks */ = {
			isa = PBXShellScriptBuildPhase;
			buildActionMask = 2147483647;
			files = (
			);
			inputFileListPaths = (
				"${PODS_ROOT}/Target Support Files/Pods-OpenWeather/Pods-OpenWeather-frameworks-${CONFIGURATION}-input-files.xcfilelist",
			);
			name = "[CP] Embed Pods Frameworks";
			outputFileListPaths = (
				"${PODS_ROOT}/Target Support Files/Pods-OpenWeather/Pods-OpenWeather-frameworks-${CONFIGURATION}-output-files.xcfilelist",
			);
			runOnlyForDeploymentPostprocessing = 0;
			shellPath = /bin/sh;
			shellScript = "\"${PODS_ROOT}/Target Support Files/Pods-OpenWeather/Pods-OpenWeather-frameworks.sh\"\n";
			showEnvVarsInLog = 0;
		};
		5217D31AA06575CE3F3FB416 /* [CP] Check Pods Manifest.lock */ = {
			isa = PBXShellScriptBuildPhase;
			buildActionMask = 2147483647;
			files = (
			);
			inputFileListPaths = (
			);
			inputPaths = (
				"${PODS_PODFILE_DIR_PATH}/Podfile.lock",
				"${PODS_ROOT}/Manifest.lock",
			);
			name = "[CP] Check Pods Manifest.lock";
			outputFileListPaths = (
			);
			outputPaths = (
				"$(DERIVED_FILE_DIR)/Pods-OpenWeather-checkManifestLockResult.txt",
			);
			runOnlyForDeploymentPostprocessing = 0;
			shellPath = /bin/sh;
			shellScript = "diff \"${PODS_PODFILE_DIR_PATH}/Podfile.lock\" \"${PODS_ROOT}/Manifest.lock\" > /dev/null\nif [ $? != 0 ] ; then\n    # print error to STDERR\n    echo \"error: The sandbox is not in sync with the Podfile.lock. Run 'pod install' or update your CocoaPods installation.\" >&2\n    exit 1\nfi\n# This output is used by Xcode 'outputs' to avoid re-running this script phase.\necho \"SUCCESS\" > \"${SCRIPT_OUTPUT_FILE_0}\"\n";
			showEnvVarsInLog = 0;
		};
/* End PBXShellScriptBuildPhase section */

/* Begin PBXSourcesBuildPhase section */
		09C06C8B25D44AAA003D7D49 /* Sources */ = {
			isa = PBXSourcesBuildPhase;
			buildActionMask = 2147483647;
			files = (
				09C06CB725D46FE4003D7D49 /* WeatherViewModel.swift in Sources */,
				09C06CC625D48870003D7D49 /* CollectionViewCellViewModel.swift in Sources */,
				09C06C9725D44AAA003D7D49 /* WeatherViewController.swift in Sources */,
				09C06C9325D44AAA003D7D49 /* AppDelegate.swift in Sources */,
				09C06CBD25D487AA003D7D49 /* WeatherCollectionViewCell.swift in Sources */,
				09BB143E25D95394007F9109 /* ConvertService.swift in Sources */,
				09C06CBA25D48783003D7D49 /* WeatherTableViewCell.swift in Sources */,
				09C06C9525D44AAA003D7D49 /* SceneDelegate.swift in Sources */,
				09BB144125D95AC1007F9109 /* ImageService.swift in Sources */,
				09C06CC325D48857003D7D49 /* TableViewCellViewModel.swift in Sources */,
				091AB7D825D59731008081D2 /* NetworkService.swift in Sources */,
				09C06CB125D45282003D7D49 /* Model.swift in Sources */,
			);
			runOnlyForDeploymentPostprocessing = 0;
		};
/* End PBXSourcesBuildPhase section */

/* Begin PBXVariantGroup section */
		09C06C9825D44AAA003D7D49 /* Main.storyboard */ = {
			isa = PBXVariantGroup;
			children = (
				09C06C9925D44AAA003D7D49 /* Base */,
			);
			name = Main.storyboard;
			sourceTree = "<group>";
		};
		09C06C9D25D44AAC003D7D49 /* LaunchScreen.storyboard */ = {
			isa = PBXVariantGroup;
			children = (
				09C06C9E25D44AAC003D7D49 /* Base */,
			);
			name = LaunchScreen.storyboard;
			sourceTree = "<group>";
		};
/* End PBXVariantGroup section */

/* Begin XCBuildConfiguration section */
		09C06CA125D44AAC003D7D49 /* Debug */ = {
			isa = XCBuildConfiguration;
			buildSettings = {
				ALWAYS_SEARCH_USER_PATHS = NO;
				CLANG_ANALYZER_NONNULL = YES;
				CLANG_ANALYZER_NUMBER_OBJECT_CONVERSION = YES_AGGRESSIVE;
				CLANG_CXX_LANGUAGE_STANDARD = "gnu++14";
				CLANG_CXX_LIBRARY = "libc++";
				CLANG_ENABLE_MODULES = YES;
				CLANG_ENABLE_OBJC_ARC = YES;
				CLANG_ENABLE_OBJC_WEAK = YES;
				CLANG_WARN_BLOCK_CAPTURE_AUTORELEASING = YES;
				CLANG_WARN_BOOL_CONVERSION = YES;
				CLANG_WARN_COMMA = YES;
				CLANG_WARN_CONSTANT_CONVERSION = YES;
				CLANG_WARN_DEPRECATED_OBJC_IMPLEMENTATIONS = YES;
				CLANG_WARN_DIRECT_OBJC_ISA_USAGE = YES_ERROR;
				CLANG_WARN_DOCUMENTATION_COMMENTS = YES;
				CLANG_WARN_EMPTY_BODY = YES;
				CLANG_WARN_ENUM_CONVERSION = YES;
				CLANG_WARN_INFINITE_RECURSION = YES;
				CLANG_WARN_INT_CONVERSION = YES;
				CLANG_WARN_NON_LITERAL_NULL_CONVERSION = YES;
				CLANG_WARN_OBJC_IMPLICIT_RETAIN_SELF = YES;
				CLANG_WARN_OBJC_LITERAL_CONVERSION = YES;
				CLANG_WARN_OBJC_ROOT_CLASS = YES_ERROR;
				CLANG_WARN_QUOTED_INCLUDE_IN_FRAMEWORK_HEADER = YES;
				CLANG_WARN_RANGE_LOOP_ANALYSIS = YES;
				CLANG_WARN_STRICT_PROTOTYPES = YES;
				CLANG_WARN_SUSPICIOUS_MOVE = YES;
				CLANG_WARN_UNGUARDED_AVAILABILITY = YES_AGGRESSIVE;
				CLANG_WARN_UNREACHABLE_CODE = YES;
				CLANG_WARN__DUPLICATE_METHOD_MATCH = YES;
				COPY_PHASE_STRIP = NO;
				DEBUG_INFORMATION_FORMAT = dwarf;
				ENABLE_STRICT_OBJC_MSGSEND = YES;
				ENABLE_TESTABILITY = YES;
				GCC_C_LANGUAGE_STANDARD = gnu11;
				GCC_DYNAMIC_NO_PIC = NO;
				GCC_NO_COMMON_BLOCKS = YES;
				GCC_OPTIMIZATION_LEVEL = 0;
				GCC_PREPROCESSOR_DEFINITIONS = (
					"DEBUG=1",
					"$(inherited)",
				);
				GCC_WARN_64_TO_32_BIT_CONVERSION = YES;
				GCC_WARN_ABOUT_RETURN_TYPE = YES_ERROR;
				GCC_WARN_UNDECLARED_SELECTOR = YES;
				GCC_WARN_UNINITIALIZED_AUTOS = YES_AGGRESSIVE;
				GCC_WARN_UNUSED_FUNCTION = YES;
				GCC_WARN_UNUSED_VARIABLE = YES;
				IPHONEOS_DEPLOYMENT_TARGET = 14.3;
				MTL_ENABLE_DEBUG_INFO = INCLUDE_SOURCE;
				MTL_FAST_MATH = YES;
				ONLY_ACTIVE_ARCH = YES;
				SDKROOT = iphoneos;
				SWIFT_ACTIVE_COMPILATION_CONDITIONS = DEBUG;
				SWIFT_OPTIMIZATION_LEVEL = "-Onone";
			};
			name = Debug;
		};
		09C06CA225D44AAC003D7D49 /* Release */ = {
			isa = XCBuildConfiguration;
			buildSettings = {
				ALWAYS_SEARCH_USER_PATHS = NO;
				CLANG_ANALYZER_NONNULL = YES;
				CLANG_ANALYZER_NUMBER_OBJECT_CONVERSION = YES_AGGRESSIVE;
				CLANG_CXX_LANGUAGE_STANDARD = "gnu++14";
				CLANG_CXX_LIBRARY = "libc++";
				CLANG_ENABLE_MODULES = YES;
				CLANG_ENABLE_OBJC_ARC = YES;
				CLANG_ENABLE_OBJC_WEAK = YES;
				CLANG_WARN_BLOCK_CAPTURE_AUTORELEASING = YES;
				CLANG_WARN_BOOL_CONVERSION = YES;
				CLANG_WARN_COMMA = YES;
				CLANG_WARN_CONSTANT_CONVERSION = YES;
				CLANG_WARN_DEPRECATED_OBJC_IMPLEMENTATIONS = YES;
				CLANG_WARN_DIRECT_OBJC_ISA_USAGE = YES_ERROR;
				CLANG_WARN_DOCUMENTATION_COMMENTS = YES;
				CLANG_WARN_EMPTY_BODY = YES;
				CLANG_WARN_ENUM_CONVERSION = YES;
				CLANG_WARN_INFINITE_RECURSION = YES;
				CLANG_WARN_INT_CONVERSION = YES;
				CLANG_WARN_NON_LITERAL_NULL_CONVERSION = YES;
				CLANG_WARN_OBJC_IMPLICIT_RETAIN_SELF = YES;
				CLANG_WARN_OBJC_LITERAL_CONVERSION = YES;
				CLANG_WARN_OBJC_ROOT_CLASS = YES_ERROR;
				CLANG_WARN_QUOTED_INCLUDE_IN_FRAMEWORK_HEADER = YES;
				CLANG_WARN_RANGE_LOOP_ANALYSIS = YES;
				CLANG_WARN_STRICT_PROTOTYPES = YES;
				CLANG_WARN_SUSPICIOUS_MOVE = YES;
				CLANG_WARN_UNGUARDED_AVAILABILITY = YES_AGGRESSIVE;
				CLANG_WARN_UNREACHABLE_CODE = YES;
				CLANG_WARN__DUPLICATE_METHOD_MATCH = YES;
				COPY_PHASE_STRIP = NO;
				DEBUG_INFORMATION_FORMAT = "dwarf-with-dsym";
				ENABLE_NS_ASSERTIONS = NO;
				ENABLE_STRICT_OBJC_MSGSEND = YES;
				GCC_C_LANGUAGE_STANDARD = gnu11;
				GCC_NO_COMMON_BLOCKS = YES;
				GCC_WARN_64_TO_32_BIT_CONVERSION = YES;
				GCC_WARN_ABOUT_RETURN_TYPE = YES_ERROR;
				GCC_WARN_UNDECLARED_SELECTOR = YES;
				GCC_WARN_UNINITIALIZED_AUTOS = YES_AGGRESSIVE;
				GCC_WARN_UNUSED_FUNCTION = YES;
				GCC_WARN_UNUSED_VARIABLE = YES;
				IPHONEOS_DEPLOYMENT_TARGET = 14.3;
				MTL_ENABLE_DEBUG_INFO = NO;
				MTL_FAST_MATH = YES;
				SDKROOT = iphoneos;
				SWIFT_COMPILATION_MODE = wholemodule;
				SWIFT_OPTIMIZATION_LEVEL = "-O";
				VALIDATE_PRODUCT = YES;
			};
			name = Release;
		};
		09C06CA425D44AAC003D7D49 /* Debug */ = {
			isa = XCBuildConfiguration;
			baseConfigurationReference = 69C9B165432B439A7BEE95F3 /* Pods-OpenWeather.debug.xcconfig */;
			buildSettings = {
				ASSETCATALOG_COMPILER_APPICON_NAME = AppIcon;
				ASSETCATALOG_COMPILER_GLOBAL_ACCENT_COLOR_NAME = AccentColor;
				CODE_SIGN_STYLE = Automatic;
				DEVELOPMENT_TEAM = Z55DF93WWR;
				INFOPLIST_FILE = "$(SRCROOT)/OpenWeather/Supporting Files/Info.plist";
				LD_RUNPATH_SEARCH_PATHS = (
					"$(inherited)",
					"@executable_path/Frameworks",
				);
				PRODUCT_BUNDLE_IDENTIFIER = "pershin.ilya31-gmail.com.OpenWeather";
				PRODUCT_NAME = "$(TARGET_NAME)";
				SWIFT_VERSION = 5.0;
				TARGETED_DEVICE_FAMILY = 1;
			};
			name = Debug;
		};
		09C06CA525D44AAC003D7D49 /* Release */ = {
			isa = XCBuildConfiguration;
			baseConfigurationReference = 49A371C1FEEAD14A590110F7 /* Pods-OpenWeather.release.xcconfig */;
			buildSettings = {
				ASSETCATALOG_COMPILER_APPICON_NAME = AppIcon;
				ASSETCATALOG_COMPILER_GLOBAL_ACCENT_COLOR_NAME = AccentColor;
				CODE_SIGN_STYLE = Automatic;
				DEVELOPMENT_TEAM = Z55DF93WWR;
				INFOPLIST_FILE = "$(SRCROOT)/OpenWeather/Supporting Files/Info.plist";
				LD_RUNPATH_SEARCH_PATHS = (
					"$(inherited)",
					"@executable_path/Frameworks",
				);
				PRODUCT_BUNDLE_IDENTIFIER = "pershin.ilya31-gmail.com.OpenWeather";
				PRODUCT_NAME = "$(TARGET_NAME)";
				SWIFT_VERSION = 5.0;
				TARGETED_DEVICE_FAMILY = 1;
			};
			name = Release;
		};
/* End XCBuildConfiguration section */

/* Begin XCConfigurationList section */
		09C06C8A25D44AAA003D7D49 /* Build configuration list for PBXProject "OpenWeather" */ = {
			isa = XCConfigurationList;
			buildConfigurations = (
				09C06CA125D44AAC003D7D49 /* Debug */,
				09C06CA225D44AAC003D7D49 /* Release */,
			);
			defaultConfigurationIsVisible = 0;
			defaultConfigurationName = Release;
		};
		09C06CA325D44AAC003D7D49 /* Build configuration list for PBXNativeTarget "OpenWeather" */ = {
			isa = XCConfigurationList;
			buildConfigurations = (
				09C06CA425D44AAC003D7D49 /* Debug */,
				09C06CA525D44AAC003D7D49 /* Release */,
			);
			defaultConfigurationIsVisible = 0;
			defaultConfigurationName = Release;
		};
/* End XCConfigurationList section */
	};
	rootObject = 09C06C8725D44AAA003D7D49 /* Project object */;
}
